
Microsoft Visual Studio Solution File, Format Version 12.00
# Visual Studio Version 16
VisualStudioVersion = 16.0.30804.86
MinimumVisualStudioVersion = 10.0.40219.1
Project("{8BC9CEB8-8B4A-11D0-8D11-00A0C91BC942}") = "librarySystem", "librarySystem.vcxproj", "{03AF3ADE-E5AF-4BF3-B907-92D330D6DC1B}"
EndProject
Global
	GlobalSection(SolutionConfigurationPlatforms) = preSolution
		Debug|x64 = Debug|x64
		Release|x64 = Release|x64
	EndGlobalSection
	GlobalSection(ProjectConfigurationPlatforms) = postSolution
		{03AF3ADE-E5AF-4BF3-B907-92D330D6DC1B}.Debug|x64.ActiveCfg = Debug|x64
		{03AF3ADE-E5AF-4BF3-B907-92D330D6DC1B}.Debug|x64.Build.0 = Debug|x64
		{03AF3ADE-E5AF-4BF3-B907-92D330D6DC1B}.Release|x64.ActiveCfg = Release|x64
		{03AF3ADE-E5AF-4BF3-B907-92D330D6DC1B}.Release|x64.Build.0 = Release|x64
	EndGlobalSection
	GlobalSection(SolutionProperties) = preSolution
		HideSolutionNode = FALSE
	EndGlobalSection
	GlobalSection(ExtensibilityGlobals) = postSolution
		SolutionGuid = {5ADD5B02-DD8B-42AA-B298-14824A8F1E79}
	EndGlobalSection
EndGlobal
